
Microsoft Visual Studio Solution File, Format Version 12.00
# Visual Studio Version 16
VisualStudioVersion = 16.0.31205.134
MinimumVisualStudioVersion = 10.0.40219.1
Project("{FAE04EC0-301F-11D3-BF4B-00C04F79EFBC}") = "Lesson-2-Exercise-4", "Lesson-2-Exercise-4\Lesson-2-Exercise-4.csproj", "{BE2482B8-A5E2-455F-BE91-099233E2EDB5}"
EndProject
Global
	GlobalSection(SolutionConfigurationPlatforms) = preSolution
		Debug|Any CPU = Debug|Any CPU
		Release|Any CPU = Release|Any CPU
	EndGlobalSection
	GlobalSection(ProjectConfigurationPlatforms) = postSolution
		{BE2482B8-A5E2-455F-BE91-099233E2EDB5}.Debug|Any CPU.ActiveCfg = Debug|Any CPU
		{BE2482B8-A5E2-455F-BE91-099233E2EDB5}.Debug|Any CPU.Build.0 = Debug|Any CPU
		{BE2482B8-A5E2-455F-BE91-099233E2EDB5}.Release|Any CPU.ActiveCfg = Release|Any CPU
		{BE2482B8-A5E2-455F-BE91-099233E2EDB5}.Release|Any CPU.Build.0 = Release|Any CPU
	EndGlobalSection
	GlobalSection(SolutionProperties) = preSolution
		HideSolutionNode = FALSE
	EndGlobalSection
	GlobalSection(ExtensibilityGlobals) = postSolution
		SolutionGuid = {688377C2-4474-41F2-9C82-3582F30567AD}
	EndGlobalSection
EndGlobal
